
Microsoft Visual Studio Solution File, Format Version 12.00
# Visual Studio Version 17
VisualStudioVersion = 17.14.37411.7 d17.14
MinimumVisualStudioVersion = 10.0.40219.1
Project("{FAE04EC0-301F-11D3-BF4B-00C04F79EFBC}") = "FirstWebApi", "FirstWebApi\FirstWebApi.csproj", "{3A0F3900-EEAD-403B-A6B6-14535A80B7FF}"
EndProject
Global
	GlobalSection(SolutionConfigurationPlatforms) = preSolution
		Debug|Any CPU = Debug|Any CPU
		Release|Any CPU = Release|Any CPU
	EndGlobalSection
	GlobalSection(ProjectConfigurationPlatforms) = postSolution
		{3A0F3900-EEAD-403B-A6B6-14535A80B7FF}.Debug|Any CPU.ActiveCfg = Debug|Any CPU
		{3A0F3900-EEAD-403B-A6B6-14535A80B7FF}.Debug|Any CPU.Build.0 = Debug|Any CPU
		{3A0F3900-EEAD-403B-A6B6-14535A80B7FF}.Release|Any CPU.ActiveCfg = Release|Any CPU
		{3A0F3900-EEAD-403B-A6B6-14535A80B7FF}.Release|Any CPU.Build.0 = Release|Any CPU
	EndGlobalSection
	GlobalSection(SolutionProperties) = preSolution
		HideSolutionNode = FALSE
	EndGlobalSection
	GlobalSection(ExtensibilityGlobals) = postSolution
		SolutionGuid = {10E97879-5BC8-4A0B-AEC4-A644CE600169}
	EndGlobalSection
EndGlobal
